
Microsoft Visual Studio Solution File, Format Version 12.00
# Visual Studio Version 17
VisualStudioVersion = 17.0.31612.314
MinimumVisualStudioVersion = 10.0.40219.1
Project("{FAE04EC0-301F-11D3-BF4B-00C04F79EFBC}") = "ApiCore6", "ApiCore6\ApiCore6.csproj", "{E4259006-59F9-4DF5-8D19-9C93BCDD8B4F}"
EndProject
Global
	GlobalSection(SolutionConfigurationPlatforms) = preSolution
		Debug|Any CPU = Debug|Any CPU
		Release|Any CPU = Release|Any CPU
	EndGlobalSection
	GlobalSection(ProjectConfigurationPlatforms) = postSolution
		{E4259006-59F9-4DF5-8D19-9C93BCDD8B4F}.Debug|Any CPU.ActiveCfg = Debug|Any CPU
		{E4259006-59F9-4DF5-8D19-9C93BCDD8B4F}.Debug|Any CPU.Build.0 = Debug|Any CPU
		{E4259006-59F9-4DF5-8D19-9C93BCDD8B4F}.Release|Any CPU.ActiveCfg = Release|Any CPU
		{E4259006-59F9-4DF5-8D19-9C93BCDD8B4F}.Release|Any CPU.Build.0 = Release|Any CPU
	EndGlobalSection
	GlobalSection(SolutionProperties) = preSolution
		HideSolutionNode = FALSE
	EndGlobalSection
	GlobalSection(ExtensibilityGlobals) = postSolution
		SolutionGuid = {C15763B7-5C09-4127-BA98-97794C56310E}
	EndGlobalSection
EndGlobal
